
Microsoft Visual Studio Solution File, Format Version 12.00
# Visual Studio 15
VisualStudioVersion = 15.0.26730.15
MinimumVisualStudioVersion = 10.0.40219.1
Project("{FAE04EC0-301F-11D3-BF4B-00C04F79EFBC}") = "Gnoe.Tasks.Website", "Gnoe.Tasks.Website\Gnoe.Tasks.Website.csproj", "{6D723797-E78B-4078-8C77-2ED5593E367E}"
EndProject
Project("{FAE04EC0-301F-11D3-BF4B-00C04F79EFBC}") = "UvA.Web", "..\DataNose\UvA.Web\UvA.Web.csproj", "{3B7EDD94-A57C-44FA-A792-B5012EEA7A6C}"
EndProject
Project("{FAE04EC0-301F-11D3-BF4B-00C04F79EFBC}") = "Gnoe.Tasks.Core", "Gnoe.Tasks.Core\Gnoe.Tasks.Core.csproj", "{E534C915-2309-4294-B3C5-DD40869D9F5A}"
EndProject
Global
	GlobalSection(SolutionConfigurationPlatforms) = preSolution
		Debug|Any CPU = Debug|Any CPU
		Release|Any CPU = Release|Any CPU
	EndGlobalSection
	GlobalSection(ProjectConfigurationPlatforms) = postSolution
		{6D723797-E78B-4078-8C77-2ED5593E367E}.Debug|Any CPU.ActiveCfg = Debug|Any CPU
		{6D723797-E78B-4078-8C77-2ED5593E367E}.Debug|Any CPU.Build.0 = Debug|Any CPU
		{6D723797-E78B-4078-8C77-2ED5593E367E}.Release|Any CPU.ActiveCfg = Release|Any CPU
		{6D723797-E78B-4078-8C77-2ED5593E367E}.Release|Any CPU.Build.0 = Release|Any CPU
		{3B7EDD94-A57C-44FA-A792-B5012EEA7A6C}.Debug|Any CPU.ActiveCfg = Debug|Any CPU
		{3B7EDD94-A57C-44FA-A792-B5012EEA7A6C}.Debug|Any CPU.Build.0 = Debug|Any CPU
		{3B7EDD94-A57C-44FA-A792-B5012EEA7A6C}.Release|Any CPU.ActiveCfg = Release|Any CPU
		{3B7EDD94-A57C-44FA-A792-B5012EEA7A6C}.Release|Any CPU.Build.0 = Release|Any CPU
		{E534C915-2309-4294-B3C5-DD40869D9F5A}.Debug|Any CPU.ActiveCfg = Debug|Any CPU
		{E534C915-2309-4294-B3C5-DD40869D9F5A}.Debug|Any CPU.Build.0 = Debug|Any CPU
		{E534C915-2309-4294-B3C5-DD40869D9F5A}.Release|Any CPU.ActiveCfg = Release|Any CPU
		{E534C915-2309-4294-B3C5-DD40869D9F5A}.Release|Any CPU.Build.0 = Release|Any CPU
	EndGlobalSection
	GlobalSection(SolutionProperties) = preSolution
		HideSolutionNode = FALSE
	EndGlobalSection
	GlobalSection(ExtensibilityGlobals) = postSolution
		SolutionGuid = {C6A25BA2-27F5-4733-BBA2-D3ACCD489C85}
	EndGlobalSection
EndGlobal
